// !$*UTF8*$!
{
	archiveVersion = 1;
	classes = {
	};
	objectVersion = 56;
	objects = {

/* Begin PBXBuildFile section */
		8422F3E92C34C5BF00C86F32 /* RecipeAppApp.swift in Sources */ = {isa = PBXBuildFile; fileRef = 8422F3E82C34C5BF00C86F32 /* RecipeAppApp.swift */; };
		8422F3EB2C34C5BF00C86F32 /* ContentView.swift in Sources */ = {isa = PBXBuildFile; fileRef = 8422F3EA2C34C5BF00C86F32 /* ContentView.swift */; };
		8422F3ED2C34C5C200C86F32 /* Assets.xcassets in Resources */ = {isa = PBXBuildFile; fileRef = 8422F3EC2C34C5C200C86F32 /* Assets.xcassets */; };
		8422F3F12C34C5C200C86F32 /* Preview Assets.xcassets in Resources */ = {isa = PBXBuildFile; fileRef = 8422F3F02C34C5C200C86F32 /* Preview Assets.xcassets */; };
		8422F3FD2C34C78A00C86F32 /* Dessert.xcdatamodeld in Sources */ = {isa = PBXBuildFile; fileRef = 8422F3FB2C34C78A00C86F32 /* Dessert.xcdatamodeld */; };
		8422F3FF2C34C7C800C86F32 /* Meal.swift in Sources */ = {isa = PBXBuildFile; fileRef = 8422F3FE2C34C7C800C86F32 /* Meal.swift */; };
		8422F4042C34C9C300C86F32 /* Errors.swift in Sources */ = {isa = PBXBuildFile; fileRef = 8422F4032C34C9C300C86F32 /* Errors.swift */; };
		8422F4062C34CA2300C86F32 /* ApiManager.swift in Sources */ = {isa = PBXBuildFile; fileRef = 8422F4052C34CA2300C86F32 /* ApiManager.swift */; };
		8422F4082C34CB0800C86F32 /* DessertViewModel.swift in Sources */ = {isa = PBXBuildFile; fileRef = 8422F4072C34CB0800C86F32 /* DessertViewModel.swift */; };
/* End PBXBuildFile section */

/* Begin PBXFileReference section */
		8422F3E52C34C5BF00C86F32 /* RecipeApp.app */ = {isa = PBXFileReference; explicitFileType = wrapper.application; includeInIndex = 0; path = RecipeApp.app; sourceTree = BUILT_PRODUCTS_DIR; };
		8422F3E82C34C5BF00C86F32 /* RecipeAppApp.swift */ = {isa = PBXFileReference; lastKnownFileType = sourcecode.swift; path = RecipeAppApp.swift; sourceTree = "<group>"; };
		8422F3EA2C34C5BF00C86F32 /* ContentView.swift */ = {isa = PBXFileReference; lastKnownFileType = sourcecode.swift; path = ContentView.swift; sourceTree = "<group>"; };
		8422F3EC2C34C5C200C86F32 /* Assets.xcassets */ = {isa = PBXFileReference; lastKnownFileType = folder.assetcatalog; path = Assets.xcassets; sourceTree = "<group>"; };
		8422F3EE2C34C5C200C86F32 /* RecipeApp.entitlements */ = {isa = PBXFileReference; lastKnownFileType = text.plist.entitlements; path = RecipeApp.entitlements; sourceTree = "<group>"; };
		8422F3F02C34C5C200C86F32 /* Preview Assets.xcassets */ = {isa = PBXFileReference; lastKnownFileType = folder.assetcatalog; path = "Preview Assets.xcassets"; sourceTree = "<group>"; };
		8422F3FC2C34C78A00C86F32 /* Dessert.xcdatamodel */ = {isa = PBXFileReference; lastKnownFileType = wrapper.xcdatamodel; path = Dessert.xcdatamodel; sourceTree = "<group>"; };
		8422F3FE2C34C7C800C86F32 /* Meal.swift */ = {isa = PBXFileReference; lastKnownFileType = sourcecode.swift; path = Meal.swift; sourceTree = "<group>"; };
		8422F4032C34C9C300C86F32 /* Errors.swift */ = {isa = PBXFileReference; lastKnownFileType = sourcecode.swift; path = Errors.swift; sourceTree = "<group>"; };
		8422F4052C34CA2300C86F32 /* ApiManager.swift */ = {isa = PBXFileReference; lastKnownFileType = sourcecode.swift; path = ApiManager.swift; sourceTree = "<group>"; };
		8422F4072C34CB0800C86F32 /* DessertViewModel.swift */ = {isa = PBXFileReference; lastKnownFileType = sourcecode.swift; path = DessertViewModel.swift; sourceTree = "<group>"; };
/* End PBXFileReference section */

/* Begin PBXFrameworksBuildPhase section */
		8422F3E22C34C5BF00C86F32 /* Frameworks */ = {
			isa = PBXFrameworksBuildPhase;
			buildActionMask = 2147483647;
			files = (
			);
			runOnlyForDeploymentPostprocessing = 0;
		};
/* End PBXFrameworksBuildPhase section */

/* Begin PBXGroup section */
		8422F3DC2C34C5BF00C86F32 = {
			isa = PBXGroup;
			children = (
				8422F3E72C34C5BF00C86F32 /* RecipeApp */,
				8422F3E62C34C5BF00C86F32 /* Products */,
			);
			sourceTree = "<group>";
		};
		8422F3E62C34C5BF00C86F32 /* Products */ = {
			isa = PBXGroup;
			children = (
				8422F3E52C34C5BF00C86F32 /* RecipeApp.app */,
			);
			name = Products;
			sourceTree = "<group>";
		};
		8422F3E72C34C5BF00C86F32 /* RecipeApp */ = {
			isa = PBXGroup;
			children = (
				8422F4022C34C97500C86F32 /* Utilities+Extensions */,
				8422F3FA2C34C72D00C86F32 /* Networking */,
				8422F3F92C34C72000C86F32 /* Model */,
				8422F3F82C34C71800C86F32 /* ViewModel */,
				8422F3E82C34C5BF00C86F32 /* RecipeAppApp.swift */,
				8422F3EA2C34C5BF00C86F32 /* ContentView.swift */,
				8422F3EC2C34C5C200C86F32 /* Assets.xcassets */,
				8422F3EE2C34C5C200C86F32 /* RecipeApp.entitlements */,
				8422F3EF2C34C5C200C86F32 /* Preview Content */,
			);
			path = RecipeApp;
			sourceTree = "<group>";
		};
		8422F3EF2C34C5C200C86F32 /* Preview Content */ = {
			isa = PBXGroup;
			children = (
				8422F3F02C34C5C200C86F32 /* Preview Assets.xcassets */,
			);
			path = "Preview Content";
			sourceTree = "<group>";
		};
		8422F3F82C34C71800C86F32 /* ViewModel */ = {
			isa = PBXGroup;
			children = (
				8422F4072C34CB0800C86F32 /* DessertViewModel.swift */,
			);
			path = ViewModel;
			sourceTree = "<group>";
		};
		8422F3F92C34C72000C86F32 /* Model */ = {
			isa = PBXGroup;
			children = (
				8422F3FB2C34C78A00C86F32 /* Dessert.xcdatamodeld */,
				8422F3FE2C34C7C800C86F32 /* Meal.swift */,
			);
			path = Model;
			sourceTree = "<group>";
		};
		8422F3FA2C34C72D00C86F32 /* Networking */ = {
			isa = PBXGroup;
			children = (
				8422F4052C34CA2300C86F32 /* ApiManager.swift */,
			);
			path = Networking;
			sourceTree = "<group>";
		};
		8422F4022C34C97500C86F32 /* Utilities+Extensions */ = {
			isa = PBXGroup;
			children = (
				8422F4032C34C9C300C86F32 /* Errors.swift */,
			);
			path = "Utilities+Extensions";
			sourceTree = "<group>";
		};
/* End PBXGroup section */

/* Begin PBXNativeTarget section */
		8422F3E42C34C5BF00C86F32 /* RecipeApp */ = {
			isa = PBXNativeTarget;
			buildConfigurationList = 8422F3F42C34C5C200C86F32 /* Build configuration list for PBXNativeTarget "RecipeApp" */;
			buildPhases = (
				8422F3E12C34C5BF00C86F32 /* Sources */,
				8422F3E22C34C5BF00C86F32 /* Frameworks */,
				8422F3E32C34C5BF00C86F32 /* Resources */,
			);
			buildRules = (
			);
			dependencies = (
			);
			name = RecipeApp;
			productName = RecipeApp;
			productReference = 8422F3E52C34C5BF00C86F32 /* RecipeApp.app */;
			productType = "com.apple.product-type.application";
		};
/* End PBXNativeTarget section */

/* Begin PBXProject section */
		8422F3DD2C34C5BF00C86F32 /* Project object */ = {
			isa = PBXProject;
			attributes = {
				BuildIndependentTargetsInParallel = 1;
				LastSwiftUpdateCheck = 1540;
				LastUpgradeCheck = 1540;
				TargetAttributes = {
					8422F3E42C34C5BF00C86F32 = {
						CreatedOnToolsVersion = 15.4;
					};
				};
			};
			buildConfigurationList = 8422F3E02C34C5BF00C86F32 /* Build configuration list for PBXProject "RecipeApp" */;
			compatibilityVersion = "Xcode 14.0";
			developmentRegion = en;
			hasScannedForEncodings = 0;
			knownRegions = (
				en,
				Base,
			);
			mainGroup = 8422F3DC2C34C5BF00C86F32;
			productRefGroup = 8422F3E62C34C5BF00C86F32 /* Products */;
			projectDirPath = "";
			projectRoot = "";
			targets = (
				8422F3E42C34C5BF00C86F32 /* RecipeApp */,
			);
		};
/* End PBXProject section */

/* Begin PBXResourcesBuildPhase section */
		8422F3E32C34C5BF00C86F32 /* Resources */ = {
			isa = PBXResourcesBuildPhase;
			buildActionMask = 2147483647;
			files = (
				8422F3F12C34C5C200C86F32 /* Preview Assets.xcassets in Resources */,
				8422F3ED2C34C5C200C86F32 /* Assets.xcassets in Resources */,
			);
			runOnlyForDeploymentPostprocessing = 0;
		};
/* End PBXResourcesBuildPhase section */

/* Begin PBXSourcesBuildPhase section */
		8422F3E12C34C5BF00C86F32 /* Sources */ = {
			isa = PBXSourcesBuildPhase;
			buildActionMask = 2147483647;
			files = (
				8422F3FF2C34C7C800C86F32 /* Meal.swift in Sources */,
				8422F4042C34C9C300C86F32 /* Errors.swift in Sources */,
				8422F3FD2C34C78A00C86F32 /* Dessert.xcdatamodeld in Sources */,
				8422F3EB2C34C5BF00C86F32 /* ContentView.swift in Sources */,
				8422F4082C34CB0800C86F32 /* DessertViewModel.swift in Sources */,
				8422F4062C34CA2300C86F32 /* ApiManager.swift in Sources */,
				8422F3E92C34C5BF00C86F32 /* RecipeAppApp.swift in Sources */,
			);
			runOnlyForDeploymentPostprocessing = 0;
		};
/* End PBXSourcesBuildPhase section */

/* Begin XCBuildConfiguration section */
		8422F3F22C34C5C200C86F32 /* Debug */ = {
			isa = XCBuildConfiguration;
			buildSettings = {
				ALWAYS_SEARCH_USER_PATHS = NO;
				ASSETCATALOG_COMPILER_GENERATE_SWIFT_ASSET_SYMBOL_EXTENSIONS = YES;
				CLANG_ANALYZER_NONNULL = YES;
				CLANG_ANALYZER_NUMBER_OBJECT_CONVERSION = YES_AGGRESSIVE;
				CLANG_CXX_LANGUAGE_STANDARD = "gnu++20";
				CLANG_ENABLE_MODULES = YES;
				CLANG_ENABLE_OBJC_ARC = YES;
				CLANG_ENABLE_OBJC_WEAK = YES;
				CLANG_WARN_BLOCK_CAPTURE_AUTORELEASING = YES;
				CLANG_WARN_BOOL_CONVERSION = YES;
				CLANG_WARN_COMMA = YES;
				CLANG_WARN_CONSTANT_CONVERSION = YES;
				CLANG_WARN_DEPRECATED_OBJC_IMPLEMENTATIONS = YES;
				CLANG_WARN_DIRECT_OBJC_ISA_USAGE = YES_ERROR;
				CLANG_WARN_DOCUMENTATION_COMMENTS = YES;
				CLANG_WARN_EMPTY_BODY = YES;
				CLANG_WARN_ENUM_CONVERSION = YES;
				CLANG_WARN_INFINITE_RECURSION = YES;
				CLANG_WARN_INT_CONVERSION = YES;
				CLANG_WARN_NON_LITERAL_NULL_CONVERSION = YES;
				CLANG_WARN_OBJC_IMPLICIT_RETAIN_SELF = YES;
				CLANG_WARN_OBJC_LITERAL_CONVERSION = YES;
				CLANG_WARN_OBJC_ROOT_CLASS = YES_ERROR;
				CLANG_WARN_QUOTED_INCLUDE_IN_FRAMEWORK_HEADER = YES;
				CLANG_WARN_RANGE_LOOP_ANALYSIS = YES;
				CLANG_WARN_STRICT_PROTOTYPES = YES;
				CLANG_WARN_SUSPICIOUS_MOVE = YES;
				CLANG_WARN_UNGUARDED_AVAILABILITY = YES_AGGRESSIVE;
				CLANG_WARN_UNREACHABLE_CODE = YES;
				CLANG_WARN__DUPLICATE_METHOD_MATCH = YES;
				COPY_PHASE_STRIP = NO;
				DEBUG_INFORMATION_FORMAT = dwarf;
				ENABLE_STRICT_OBJC_MSGSEND = YES;
				ENABLE_TESTABILITY = YES;
				ENABLE_USER_SCRIPT_SANDBOXING = YES;
				GCC_C_LANGUAGE_STANDARD = gnu17;
				GCC_DYNAMIC_NO_PIC = NO;
				GCC_NO_COMMON_BLOCKS = YES;
				GCC_OPTIMIZATION_LEVEL = 0;
				GCC_PREPROCESSOR_DEFINITIONS = (
					"DEBUG=1",
					"$(inherited)",
				);
				GCC_WARN_64_TO_32_BIT_CONVERSION = YES;
				GCC_WARN_ABOUT_RETURN_TYPE = YES_ERROR;
				GCC_WARN_UNDECLARED_SELECTOR = YES;
				GCC_WARN_UNINITIALIZED_AUTOS = YES_AGGRESSIVE;
				GCC_WARN_UNUSED_FUNCTION = YES;
				GCC_WARN_UNUSED_VARIABLE = YES;
				LOCALIZATION_PREFERS_STRING_CATALOGS = YES;
				MTL_ENABLE_DEBUG_INFO = INCLUDE_SOURCE;
				MTL_FAST_MATH = YES;
				ONLY_ACTIVE_ARCH = YES;
				SWIFT_ACTIVE_COMPILATION_CONDITIONS = "DEBUG $(inherited)";
				SWIFT_OPTIMIZATION_LEVEL = "-Onone";
			};
			name = Debug;
		};
		8422F3F32C34C5C200C86F32 /* Release */ = {
			isa = XCBuildConfiguration;
			buildSettings = {
				ALWAYS_SEARCH_USER_PATHS = NO;
				ASSETCATALOG_COMPILER_GENERATE_SWIFT_ASSET_SYMBOL_EXTENSIONS = YES;
				CLANG_ANALYZER_NONNULL = YES;
				CLANG_ANALYZER_NUMBER_OBJECT_CONVERSION = YES_AGGRESSIVE;
				CLANG_CXX_LANGUAGE_STANDARD = "gnu++20";
				CLANG_ENABLE_MODULES = YES;
				CLANG_ENABLE_OBJC_ARC = YES;
				CLANG_ENABLE_OBJC_WEAK = YES;
				CLANG_WARN_BLOCK_CAPTURE_AUTORELEASING = YES;
				CLANG_WARN_BOOL_CONVERSION = YES;
				CLANG_WARN_COMMA = YES;
				CLANG_WARN_CONSTANT_CONVERSION = YES;
				CLANG_WARN_DEPRECATED_OBJC_IMPLEMENTATIONS = YES;
				CLANG_WARN_DIRECT_OBJC_ISA_USAGE = YES_ERROR;
				CLANG_WARN_DOCUMENTATION_COMMENTS = YES;
				CLANG_WARN_EMPTY_BODY = YES;
				CLANG_WARN_ENUM_CONVERSION = YES;
				CLANG_WARN_INFINITE_RECURSION = YES;
				CLANG_WARN_INT_CONVERSION = YES;
				CLANG_WARN_NON_LITERAL_NULL_CONVERSION = YES;
				CLANG_WARN_OBJC_IMPLICIT_RETAIN_SELF = YES;
				CLANG_WARN_OBJC_LITERAL_CONVERSION = YES;
				CLANG_WARN_OBJC_ROOT_CLASS = YES_ERROR;
				CLANG_WARN_QUOTED_INCLUDE_IN_FRAMEWORK_HEADER = YES;
				CLANG_WARN_RANGE_LOOP_ANALYSIS = YES;
				CLANG_WARN_STRICT_PROTOTYPES = YES;
				CLANG_WARN_SUSPICIOUS_MOVE = YES;
				CLANG_WARN_UNGUARDED_AVAILABILITY = YES_AGGRESSIVE;
				CLANG_WARN_UNREACHABLE_CODE = YES;
				CLANG_WARN__DUPLICATE_METHOD_MATCH = YES;
				COPY_PHASE_STRIP = NO;
				DEBUG_INFORMATION_FORMAT = "dwarf-with-dsym";
				ENABLE_NS_ASSERTIONS = NO;
				ENABLE_STRICT_OBJC_MSGSEND = YES;
				ENABLE_USER_SCRIPT_SANDBOXING = YES;
				GCC_C_LANGUAGE_STANDARD = gnu17;
				GCC_NO_COMMON_BLOCKS = YES;
				GCC_WARN_64_TO_32_BIT_CONVERSION = YES;
				GCC_WARN_ABOUT_RETURN_TYPE = YES_ERROR;
				GCC_WARN_UNDECLARED_SELECTOR = YES;
				GCC_WARN_UNINITIALIZED_AUTOS = YES_AGGRESSIVE;
				GCC_WARN_UNUSED_FUNCTION = YES;
				GCC_WARN_UNUSED_VARIABLE = YES;
				LOCALIZATION_PREFERS_STRING_CATALOGS = YES;
				MTL_ENABLE_DEBUG_INFO = NO;
				MTL_FAST_MATH = YES;
				SWIFT_COMPILATION_MODE = wholemodule;
			};
			name = Release;
		};
		8422F3F52C34C5C200C86F32 /* Debug */ = {
			isa = XCBuildConfiguration;
			buildSettings = {
				ASSETCATALOG_COMPILER_APPICON_NAME = AppIcon;
				ASSETCATALOG_COMPILER_GLOBAL_ACCENT_COLOR_NAME = AccentColor;
				CODE_SIGN_ENTITLEMENTS = RecipeApp/RecipeApp.entitlements;
				CODE_SIGN_STYLE = Automatic;
				CURRENT_PROJECT_VERSION = 1;
				DEVELOPMENT_ASSET_PATHS = "\"RecipeApp/Preview Content\"";
				DEVELOPMENT_TEAM = 722ML5JG5Y;
				ENABLE_HARDENED_RUNTIME = YES;
				ENABLE_PREVIEWS = YES;
				GENERATE_INFOPLIST_FILE = YES;
				"INFOPLIST_KEY_UIApplicationSceneManifest_Generation[sdk=iphoneos*]" = YES;
				"INFOPLIST_KEY_UIApplicationSceneManifest_Generation[sdk=iphonesimulator*]" = YES;
				"INFOPLIST_KEY_UIApplicationSupportsIndirectInputEvents[sdk=iphoneos*]" = YES;
				"INFOPLIST_KEY_UIApplicationSupportsIndirectInputEvents[sdk=iphonesimulator*]" = YES;
				"INFOPLIST_KEY_UILaunchScreen_Generation[sdk=iphoneos*]" = YES;
				"INFOPLIST_KEY_UILaunchScreen_Generation[sdk=iphonesimulator*]" = YES;
				"INFOPLIST_KEY_UIStatusBarStyle[sdk=iphoneos*]" = UIStatusBarStyleDefault;
				"INFOPLIST_KEY_UIStatusBarStyle[sdk=iphonesimulator*]" = UIStatusBarStyleDefault;
				INFOPLIST_KEY_UISupportedInterfaceOrientations_iPad = "UIInterfaceOrientationPortrait UIInterfaceOrientationPortraitUpsideDown UIInterfaceOrientationLandscapeLeft UIInterfaceOrientationLandscapeRight";
				INFOPLIST_KEY_UISupportedInterfaceOrientations_iPhone = "UIInterfaceOrientationPortrait UIInterfaceOrientationLandscapeLeft UIInterfaceOrientationLandscapeRight";
				IPHONEOS_DEPLOYMENT_TARGET = 17.5;
				LD_RUNPATH_SEARCH_PATHS = "@executable_path/Frameworks";
				"LD_RUNPATH_SEARCH_PATHS[sdk=macosx*]" = "@executable_path/../Frameworks";
				MACOSX_DEPLOYMENT_TARGET = 14.5;
				MARKETING_VERSION = 1.0;
				PRODUCT_BUNDLE_IDENTIFIER = com.FetchRewardsChallenge.RecipeApp;
				PRODUCT_NAME = "$(TARGET_NAME)";
				SDKROOT = auto;
				SUPPORTED_PLATFORMS = "iphoneos iphonesimulator macosx";
				SWIFT_EMIT_LOC_STRINGS = YES;
				SWIFT_VERSION = 5.0;
				TARGETED_DEVICE_FAMILY = "1,2";
			};
			name = Debug;
		};
		8422F3F62C34C5C200C86F32 /* Release */ = {
			isa = XCBuildConfiguration;
			buildSettings = {
				ASSETCATALOG_COMPILER_APPICON_NAME = AppIcon;
				ASSETCATALOG_COMPILER_GLOBAL_ACCENT_COLOR_NAME = AccentColor;
				CODE_SIGN_ENTITLEMENTS = RecipeApp/RecipeApp.entitlements;
				CODE_SIGN_STYLE = Automatic;
				CURRENT_PROJECT_VERSION = 1;
				DEVELOPMENT_ASSET_PATHS = "\"RecipeApp/Preview Content\"";
				DEVELOPMENT_TEAM = 722ML5JG5Y;
				ENABLE_HARDENED_RUNTIME = YES;
				ENABLE_PREVIEWS = YES;
				GENERATE_INFOPLIST_FILE = YES;
				"INFOPLIST_KEY_UIApplicationSceneManifest_Generation[sdk=iphoneos*]" = YES;
				"INFOPLIST_KEY_UIApplicationSceneManifest_Generation[sdk=iphonesimulator*]" = YES;
				"INFOPLIST_KEY_UIApplicationSupportsIndirectInputEvents[sdk=iphoneos*]" = YES;
				"INFOPLIST_KEY_UIApplicationSupportsIndirectInputEvents[sdk=iphonesimulator*]" = YES;
				"INFOPLIST_KEY_UILaunchScreen_Generation[sdk=iphoneos*]" = YES;
				"INFOPLIST_KEY_UILaunchScreen_Generation[sdk=iphonesimulator*]" = YES;
				"INFOPLIST_KEY_UIStatusBarStyle[sdk=iphoneos*]" = UIStatusBarStyleDefault;
				"INFOPLIST_KEY_UIStatusBarStyle[sdk=iphonesimulator*]" = UIStatusBarStyleDefault;
				INFOPLIST_KEY_UISupportedInterfaceOrientations_iPad = "UIInterfaceOrientationPortrait UIInterfaceOrientationPortraitUpsideDown UIInterfaceOrientationLandscapeLeft UIInterfaceOrientationLandscapeRight";
				INFOPLIST_KEY_UISupportedInterfaceOrientations_iPhone = "UIInterfaceOrientationPortrait UIInterfaceOrientationLandscapeLeft UIInterfaceOrientationLandscapeRight";
				IPHONEOS_DEPLOYMENT_TARGET = 17.5;
				LD_RUNPATH_SEARCH_PATHS = "@executable_path/Frameworks";
				"LD_RUNPATH_SEARCH_PATHS[sdk=macosx*]" = "@executable_path/../Frameworks";
				MACOSX_DEPLOYMENT_TARGET = 14.5;
				MARKETING_VERSION = 1.0;
				PRODUCT_BUNDLE_IDENTIFIER = com.FetchRewardsChallenge.RecipeApp;
				PRODUCT_NAME = "$(TARGET_NAME)";
				SDKROOT = auto;
				SUPPORTED_PLATFORMS = "iphoneos iphonesimulator macosx";
				SWIFT_EMIT_LOC_STRINGS = YES;
				SWIFT_VERSION = 5.0;
				TARGETED_DEVICE_FAMILY = "1,2";
			};
			name = Release;
		};
/* End XCBuildConfiguration section */

/* Begin XCConfigurationList section */
		8422F3E02C34C5BF00C86F32 /* Build configuration list for PBXProject "RecipeApp" */ = {
			isa = XCConfigurationList;
			buildConfigurations = (
				8422F3F22C34C5C200C86F32 /* Debug */,
				8422F3F32C34C5C200C86F32 /* Release */,
			);
			defaultConfigurationIsVisible = 0;
			defaultConfigurationName = Release;
		};
		8422F3F42C34C5C200C86F32 /* Build configuration list for PBXNativeTarget "RecipeApp" */ = {
			isa = XCConfigurationList;
			buildConfigurations = (
				8422F3F52C34C5C200C86F32 /* Debug */,
				8422F3F62C34C5C200C86F32 /* Release */,
			);
			defaultConfigurationIsVisible = 0;
			defaultConfigurationName = Release;
		};
/* End XCConfigurationList section */

/* Begin XCVersionGroup section */
		8422F3FB2C34C78A00C86F32 /* Dessert.xcdatamodeld */ = {
			isa = XCVersionGroup;
			children = (
				8422F3FC2C34C78A00C86F32 /* Dessert.xcdatamodel */,
			);
			currentVersion = 8422F3FC2C34C78A00C86F32 /* Dessert.xcdatamodel */;
			name = Dessert.xcdatamodeld;
			path = "/Users/admin/Documents/RecipeApp-iOS/RecipeApp/Dessert.xcdatamodeld";
			sourceTree = "<group>";
			versionGroupType = wrapper.xcdatamodel;
		};
/* End XCVersionGroup section */
	};
	rootObject = 8422F3DD2C34C5BF00C86F32 /* Project object */;
}
